// !$*UTF8*$!
{
	archiveVersion = 1;
	classes = {
	};
	objectVersion = 46;
	objects = {

/* Begin PBXBuildFile section */
		2A1252241EADCAED00C5C318 /* AppDelegate.swift in Sources */ = {isa = PBXBuildFile; fileRef = 2A1252231EADCAED00C5C318 /* AppDelegate.swift */; };
		2A1252261EADCAED00C5C318 /* ViewController.swift in Sources */ = {isa = PBXBuildFile; fileRef = 2A1252251EADCAED00C5C318 /* ViewController.swift */; };
		2A1252291EADCAED00C5C318 /* Main.storyboard in Resources */ = {isa = PBXBuildFile; fileRef = 2A1252271EADCAED00C5C318 /* Main.storyboard */; };
		2A12522B1EADCAED00C5C318 /* Assets.xcassets in Resources */ = {isa = PBXBuildFile; fileRef = 2A12522A1EADCAED00C5C318 /* Assets.xcassets */; };
		2A12522E1EADCAED00C5C318 /* LaunchScreen.storyboard in Resources */ = {isa = PBXBuildFile; fileRef = 2A12522C1EADCAED00C5C318 /* LaunchScreen.storyboard */; };
		2A1252391EADCAED00C5C318 /* SecondKadaiAppTests.swift in Sources */ = {isa = PBXBuildFile; fileRef = 2A1252381EADCAED00C5C318 /* SecondKadaiAppTests.swift */; };
		2A1252441EADCAED00C5C318 /* SecondKadaiAppUITests.swift in Sources */ = {isa = PBXBuildFile; fileRef = 2A1252431EADCAED00C5C318 /* SecondKadaiAppUITests.swift */; };
		2AB3D3AA1EADF9EC0033F2FE /* ResultViewController.swift in Sources */ = {isa = PBXBuildFile; fileRef = 2AB3D3A91EADF9EC0033F2FE /* ResultViewController.swift */; };
/* End PBXBuildFile section */

/* Begin PBXContainerItemProxy section */
		2A1252351EADCAED00C5C318 /* PBXContainerItemProxy */ = {
			isa = PBXContainerItemProxy;
			containerPortal = 2A1252181EADCAED00C5C318 /* Project object */;
			proxyType = 1;
			remoteGlobalIDString = 2A12521F1EADCAED00C5C318;
			remoteInfo = SecondKadaiApp;
		};
		2A1252401EADCAED00C5C318 /* PBXContainerItemProxy */ = {
			isa = PBXContainerItemProxy;
			containerPortal = 2A1252181EADCAED00C5C318 /* Project object */;
			proxyType = 1;
			remoteGlobalIDString = 2A12521F1EADCAED00C5C318;
			remoteInfo = SecondKadaiApp;
		};
/* End PBXContainerItemProxy section */

/* Begin PBXFileReference section */
		2A1252201EADCAED00C5C318 /* SecondKadaiApp.app */ = {isa = PBXFileReference; explicitFileType = wrapper.application; includeInIndex = 0; path = SecondKadaiApp.app; sourceTree = BUILT_PRODUCTS_DIR; };
		2A1252231EADCAED00C5C318 /* AppDelegate.swift */ = {isa = PBXFileReference; lastKnownFileType = sourcecode.swift; path = AppDelegate.swift; sourceTree = "<group>"; };
		2A1252251EADCAED00C5C318 /* ViewController.swift */ = {isa = PBXFileReference; lastKnownFileType = sourcecode.swift; path = ViewController.swift; sourceTree = "<group>"; };
		2A1252281EADCAED00C5C318 /* Base */ = {isa = PBXFileReference; lastKnownFileType = file.storyboard; name = Base; path = Base.lproj/Main.storyboard; sourceTree = "<group>"; };
		2A12522A1EADCAED00C5C318 /* Assets.xcassets */ = {isa = PBXFileReference; lastKnownFileType = folder.assetcatalog; path = Assets.xcassets; sourceTree = "<group>"; };
		2A12522D1EADCAED00C5C318 /* Base */ = {isa = PBXFileReference; lastKnownFileType = file.storyboard; name = Base; path = Base.lproj/LaunchScreen.storyboard; sourceTree = "<group>"; };
		2A12522F1EADCAED00C5C318 /* Info.plist */ = {isa = PBXFileReference; lastKnownFileType = text.plist.xml; path = Info.plist; sourceTree = "<group>"; };
		2A1252341EADCAED00C5C318 /* SecondKadaiAppTests.xctest */ = {isa = PBXFileReference; explicitFileType = wrapper.cfbundle; includeInIndex = 0; path = SecondKadaiAppTests.xctest; sourceTree = BUILT_PRODUCTS_DIR; };
		2A1252381EADCAED00C5C318 /* SecondKadaiAppTests.swift */ = {isa = PBXFileReference; lastKnownFileType = sourcecode.swift; path = SecondKadaiAppTests.swift; sourceTree = "<group>"; };
		2A12523A1EADCAED00C5C318 /* Info.plist */ = {isa = PBXFileReference; lastKnownFileType = text.plist.xml; path = Info.plist; sourceTree = "<group>"; };
		2A12523F1EADCAED00C5C318 /* SecondKadaiAppUITests.xctest */ = {isa = PBXFileReference; explicitFileType = wrapper.cfbundle; includeInIndex = 0; path = SecondKadaiAppUITests.xctest; sourceTree = BUILT_PRODUCTS_DIR; };
		2A1252431EADCAED00C5C318 /* SecondKadaiAppUITests.swift */ = {isa = PBXFileReference; lastKnownFileType = sourcecode.swift; path = SecondKadaiAppUITests.swift; sourceTree = "<group>"; };
		2A1252451EADCAED00C5C318 /* Info.plist */ = {isa = PBXFileReference; lastKnownFileType = text.plist.xml; path = Info.plist; sourceTree = "<group>"; };
		2AB3D3A91EADF9EC0033F2FE /* ResultViewController.swift */ = {isa = PBXFileReference; fileEncoding = 4; lastKnownFileType = sourcecode.swift; path = ResultViewController.swift; sourceTree = "<group>"; };
/* End PBXFileReference section */

/* Begin PBXFrameworksBuildPhase section */
		2A12521D1EADCAED00C5C318 /* Frameworks */ = {
			isa = PBXFrameworksBuildPhase;
			buildActionMask = 2147483647;
			files = (
			);
			runOnlyForDeploymentPostprocessing = 0;
		};
		2A1252311EADCAED00C5C318 /* Frameworks */ = {
			isa = PBXFrameworksBuildPhase;
			buildActionMask = 2147483647;
			files = (
			);
			runOnlyForDeploymentPostprocessing = 0;
		};
		2A12523C1EADCAED00C5C318 /* Frameworks */ = {
			isa = PBXFrameworksBuildPhase;
			buildActionMask = 2147483647;
			files = (
			);
			runOnlyForDeploymentPostprocessing = 0;
		};
/* End PBXFrameworksBuildPhase section */

/* Begin PBXGroup section */
		2A1252171EADCAED00C5C318 = {
			isa = PBXGroup;
			children = (
				2A1252221EADCAED00C5C318 /* SecondKadaiApp */,
				2A1252371EADCAED00C5C318 /* SecondKadaiAppTests */,
				2A1252421EADCAED00C5C318 /* SecondKadaiAppUITests */,
				2A1252211EADCAED00C5C318 /* Products */,
			);
			sourceTree = "<group>";
		};
		2A1252211EADCAED00C5C318 /* Products */ = {
			isa = PBXGroup;
			children = (
				2A1252201EADCAED00C5C318 /* SecondKadaiApp.app */,
				2A1252341EADCAED00C5C318 /* SecondKadaiAppTests.xctest */,
				2A12523F1EADCAED00C5C318 /* SecondKadaiAppUITests.xctest */,
			);
			name = Products;
			sourceTree = "<group>";
		};
		2A1252221EADCAED00C5C318 /* SecondKadaiApp */ = {
			isa = PBXGroup;
			children = (
				2A1252231EADCAED00C5C318 /* AppDelegate.swift */,
				2A1252251EADCAED00C5C318 /* ViewController.swift */,
				2A1252271EADCAED00C5C318 /* Main.storyboard */,
				2AB3D3A91EADF9EC0033F2FE /* ResultViewController.swift */,
				2A12522A1EADCAED00C5C318 /* Assets.xcassets */,
				2A12522C1EADCAED00C5C318 /* LaunchScreen.storyboard */,
				2A12522F1EADCAED00C5C318 /* Info.plist */,
			);
			path = SecondKadaiApp;
			sourceTree = "<group>";
		};
		2A1252371EADCAED00C5C318 /* SecondKadaiAppTests */ = {
			isa = PBXGroup;
			children = (
				2A1252381EADCAED00C5C318 /* SecondKadaiAppTests.swift */,
				2A12523A1EADCAED00C5C318 /* Info.plist */,
			);
			path = SecondKadaiAppTests;
			sourceTree = "<group>";
		};
		2A1252421EADCAED00C5C318 /* SecondKadaiAppUITests */ = {
			isa = PBXGroup;
			children = (
				2A1252431EADCAED00C5C318 /* SecondKadaiAppUITests.swift */,
				2A1252451EADCAED00C5C318 /* Info.plist */,
			);
			path = SecondKadaiAppUITests;
			sourceTree = "<group>";
		};
/* End PBXGroup section */

/* Begin PBXNativeTarget section */
		2A12521F1EADCAED00C5C318 /* SecondKadaiApp */ = {
			isa = PBXNativeTarget;
			buildConfigurationList = 2A1252481EADCAED00C5C318 /* Build configuration list for PBXNativeTarget "SecondKadaiApp" */;
			buildPhases = (
				2A12521C1EADCAED00C5C318 /* Sources */,
				2A12521D1EADCAED00C5C318 /* Frameworks */,
				2A12521E1EADCAED00C5C318 /* Resources */,
			);
			buildRules = (
			);
			dependencies = (
			);
			name = SecondKadaiApp;
			productName = SecondKadaiApp;
			productReference = 2A1252201EADCAED00C5C318 /* SecondKadaiApp.app */;
			productType = "com.apple.product-type.application";
		};
		2A1252331EADCAED00C5C318 /* SecondKadaiAppTests */ = {
			isa = PBXNativeTarget;
			buildConfigurationList = 2A12524B1EADCAED00C5C318 /* Build configuration list for PBXNativeTarget "SecondKadaiAppTests" */;
			buildPhases = (
				2A1252301EADCAED00C5C318 /* Sources */,
				2A1252311EADCAED00C5C318 /* Frameworks */,
				2A1252321EADCAED00C5C318 /* Resources */,
			);
			buildRules = (
			);
			dependencies = (
				2A1252361EADCAED00C5C318 /* PBXTargetDependency */,
			);
			name = SecondKadaiAppTests;
			productName = SecondKadaiAppTests;
			productReference = 2A1252341EADCAED00C5C318 /* SecondKadaiAppTests.xctest */;
			productType = "com.apple.product-type.bundle.unit-test";
		};
		2A12523E1EADCAED00C5C318 /* SecondKadaiAppUITests */ = {
			isa = PBXNativeTarget;
			buildConfigurationList = 2A12524E1EADCAED00C5C318 /* Build configuration list for PBXNativeTarget "SecondKadaiAppUITests" */;
			buildPhases = (
				2A12523B1EADCAED00C5C318 /* Sources */,
				2A12523C1EADCAED00C5C318 /* Frameworks */,
				2A12523D1EADCAED00C5C318 /* Resources */,
			);
			buildRules = (
			);
			dependencies = (
				2A1252411EADCAED00C5C318 /* PBXTargetDependency */,
			);
			name = SecondKadaiAppUITests;
			productName = SecondKadaiAppUITests;
			productReference = 2A12523F1EADCAED00C5C318 /* SecondKadaiAppUITests.xctest */;
			productType = "com.apple.product-type.bundle.ui-testing";
		};
/* End PBXNativeTarget section */

/* Begin PBXProject section */
		2A1252181EADCAED00C5C318 /* Project object */ = {
			isa = PBXProject;
			attributes = {
				LastSwiftUpdateCheck = 0830;
				LastUpgradeCheck = 0830;
				ORGANIZATIONNAME = ryo.tamura;
				TargetAttributes = {
					2A12521F1EADCAED00C5C318 = {
						CreatedOnToolsVersion = 8.3.2;
						DevelopmentTeam = GR6B8V7TH6;
						ProvisioningStyle = Automatic;
					};
					2A1252331EADCAED00C5C318 = {
						CreatedOnToolsVersion = 8.3.2;
						DevelopmentTeam = GR6B8V7TH6;
						ProvisioningStyle = Automatic;
						TestTargetID = 2A12521F1EADCAED00C5C318;
					};
					2A12523E1EADCAED00C5C318 = {
						CreatedOnToolsVersion = 8.3.2;
						DevelopmentTeam = GR6B8V7TH6;
						ProvisioningStyle = Automatic;
						TestTargetID = 2A12521F1EADCAED00C5C318;
					};
				};
			};
			buildConfigurationList = 2A12521B1EADCAED00C5C318 /* Build configuration list for PBXProject "SecondKadaiApp" */;
			compatibilityVersion = "Xcode 3.2";
			developmentRegion = English;
			hasScannedForEncodings = 0;
			knownRegions = (
				en,
				Base,
			);
			mainGroup = 2A1252171EADCAED00C5C318;
			productRefGroup = 2A1252211EADCAED00C5C318 /* Products */;
			projectDirPath = "";
			projectRoot = "";
			targets = (
				2A12521F1EADCAED00C5C318 /* SecondKadaiApp */,
				2A1252331EADCAED00C5C318 /* SecondKadaiAppTests */,
				2A12523E1EADCAED00C5C318 /* SecondKadaiAppUITests */,
			);
		};
/* End PBXProject section */

/* Begin PBXResourcesBuildPhase section */
		2A12521E1EADCAED00C5C318 /* Resources */ = {
			isa = PBXResourcesBuildPhase;
			buildActionMask = 2147483647;
			files = (
				2A12522E1EADCAED00C5C318 /* LaunchScreen.storyboard in Resources */,
				2A12522B1EADCAED00C5C318 /* Assets.xcassets in Resources */,
				2A1252291EADCAED00C5C318 /* Main.storyboard in Resources */,
			);
			runOnlyForDeploymentPostprocessing = 0;
		};
		2A1252321EADCAED00C5C318 /* Resources */ = {
			isa = PBXResourcesBuildPhase;
			buildActionMask = 2147483647;
			files = (
			);
			runOnlyForDeploymentPostprocessing = 0;
		};
		2A12523D1EADCAED00C5C318 /* Resources */ = {
			isa = PBXResourcesBuildPhase;
			buildActionMask = 2147483647;
			files = (
			);
			runOnlyForDeploymentPostprocessing = 0;
		};
/* End PBXResourcesBuildPhase section */

/* Begin PBXSourcesBuildPhase section */
		2A12521C1EADCAED00C5C318 /* Sources */ = {
			isa = PBXSourcesBuildPhase;
			buildActionMask = 2147483647;
			files = (
				2A1252261EADCAED00C5C318 /* ViewController.swift in Sources */,
				2A1252241EADCAED00C5C318 /* AppDelegate.swift in Sources */,
				2AB3D3AA1EADF9EC0033F2FE /* ResultViewController.swift in Sources */,
			);
			runOnlyForDeploymentPostprocessing = 0;
		};
		2A1252301EADCAED00C5C318 /* Sources */ = {
			isa = PBXSourcesBuildPhase;
			buildActionMask = 2147483647;
			files = (
				2A1252391EADCAED00C5C318 /* SecondKadaiAppTests.swift in Sources */,
			);
			runOnlyForDeploymentPostprocessing = 0;
		};
		2A12523B1EADCAED00C5C318 /* Sources */ = {
			isa = PBXSourcesBuildPhase;
			buildActionMask = 2147483647;
			files = (
				2A1252441EADCAED00C5C318 /* SecondKadaiAppUITests.swift in Sources */,
			);
			runOnlyForDeploymentPostprocessing = 0;
		};
/* End PBXSourcesBuildPhase section */

/* Begin PBXTargetDependency section */
		2A1252361EADCAED00C5C318 /* PBXTargetDependency */ = {
			isa = PBXTargetDependency;
			target = 2A12521F1EADCAED00C5C318 /* SecondKadaiApp */;
			targetProxy = 2A1252351EADCAED00C5C318 /* PBXContainerItemProxy */;
		};
		2A1252411EADCAED00C5C318 /* PBXTargetDependency */ = {
			isa = PBXTargetDependency;
			target = 2A12521F1EADCAED00C5C318 /* SecondKadaiApp */;
			targetProxy = 2A1252401EADCAED00C5C318 /* PBXContainerItemProxy */;
		};
/* End PBXTargetDependency section */

/* Begin PBXVariantGroup section */
		2A1252271EADCAED00C5C318 /* Main.storyboard */ = {
			isa = PBXVariantGroup;
			children = (
				2A1252281EADCAED00C5C318 /* Base */,
			);
			name = Main.storyboard;
			sourceTree = "<group>";
		};
		2A12522C1EADCAED00C5C318 /* LaunchScreen.storyboard */ = {
			isa = PBXVariantGroup;
			children = (
				2A12522D1EADCAED00C5C318 /* Base */,
			);
			name = LaunchScreen.storyboard;
			sourceTree = "<group>";
		};
/* End PBXVariantGroup section */

/* Begin XCBuildConfiguration section */
		2A1252461EADCAED00C5C318 /* Debug */ = {
			isa = XCBuildConfiguration;
			buildSettings = {
				ALWAYS_SEARCH_USER_PATHS = NO;
				CLANG_ANALYZER_NONNULL = YES;
				CLANG_ANALYZER_NUMBER_OBJECT_CONVERSION = YES_AGGRESSIVE;
				CLANG_CXX_LANGUAGE_STANDARD = "gnu++0x";
				CLANG_CXX_LIBRARY = "libc++";
				CLANG_ENABLE_MODULES = YES;
				CLANG_ENABLE_OBJC_ARC = YES;
				CLANG_WARN_BOOL_CONVERSION = YES;
				CLANG_WARN_CONSTANT_CONVERSION = YES;
				CLANG_WARN_DIRECT_OBJC_ISA_USAGE = YES_ERROR;
				CLANG_WARN_DOCUMENTATION_COMMENTS = YES;
				CLANG_WARN_EMPTY_BODY = YES;
				CLANG_WARN_ENUM_CONVERSION = YES;
				CLANG_WARN_INFINITE_RECURSION = YES;
				CLANG_WARN_INT_CONVERSION = YES;
				CLANG_WARN_OBJC_ROOT_CLASS = YES_ERROR;
				CLANG_WARN_SUSPICIOUS_MOVE = YES;
				CLANG_WARN_UNREACHABLE_CODE = YES;
				CLANG_WARN__DUPLICATE_METHOD_MATCH = YES;
				"CODE_SIGN_IDENTITY[sdk=iphoneos*]" = "iPhone Developer";
				COPY_PHASE_STRIP = NO;
				DEBUG_INFORMATION_FORMAT = dwarf;
				ENABLE_STRICT_OBJC_MSGSEND = YES;
				ENABLE_TESTABILITY = YES;
				GCC_C_LANGUAGE_STANDARD = gnu99;
				GCC_DYNAMIC_NO_PIC = NO;
				GCC_NO_COMMON_BLOCKS = YES;
				GCC_OPTIMIZATION_LEVEL = 0;
				GCC_PREPROCESSOR_DEFINITIONS = (
					"DEBUG=1",
					"$(inherited)",
				);
				GCC_WARN_64_TO_32_BIT_CONVERSION = YES;
				GCC_WARN_ABOUT_RETURN_TYPE = YES_ERROR;
				GCC_WARN_UNDECLARED_SELECTOR = YES;
				GCC_WARN_UNINITIALIZED_AUTOS = YES_AGGRESSIVE;
				GCC_WARN_UNUSED_FUNCTION = YES;
				GCC_WARN_UNUSED_VARIABLE = YES;
				IPHONEOS_DEPLOYMENT_TARGET = 10.3;
				MTL_ENABLE_DEBUG_INFO = YES;
				ONLY_ACTIVE_ARCH = YES;
				SDKROOT = iphoneos;
				SWIFT_ACTIVE_COMPILATION_CONDITIONS = DEBUG;
				SWIFT_OPTIMIZATION_LEVEL = "-Onone";
			};
			name = Debug;
		};
		2A1252471EADCAED00C5C318 /* Release */ = {
			isa = XCBuildConfiguration;
			buildSettings = {
				ALWAYS_SEARCH_USER_PATHS = NO;
				CLANG_ANALYZER_NONNULL = YES;
				CLANG_ANALYZER_NUMBER_OBJECT_CONVERSION = YES_AGGRESSIVE;
				CLANG_CXX_LANGUAGE_STANDARD = "gnu++0x";
				CLANG_CXX_LIBRARY = "libc++";
				CLANG_ENABLE_MODULES = YES;
				CLANG_ENABLE_OBJC_ARC = YES;
				CLANG_WARN_BOOL_CONVERSION = YES;
				CLANG_WARN_CONSTANT_CONVERSION = YES;
				CLANG_WARN_DIRECT_OBJC_ISA_USAGE = YES_ERROR;
				CLANG_WARN_DOCUMENTATION_COMMENTS = YES;
				CLANG_WARN_EMPTY_BODY = YES;
				CLANG_WARN_ENUM_CONVERSION = YES;
				CLANG_WARN_INFINITE_RECURSION = YES;
				CLANG_WARN_INT_CONVERSION = YES;
				CLANG_WARN_OBJC_ROOT_CLASS = YES_ERROR;
				CLANG_WARN_SUSPICIOUS_MOVE = YES;
				CLANG_WARN_UNREACHABLE_CODE = YES;
				CLANG_WARN__DUPLICATE_METHOD_MATCH = YES;
				"CODE_SIGN_IDENTITY[sdk=iphoneos*]" = "iPhone Developer";
				COPY_PHASE_STRIP = NO;
				DEBUG_INFORMATION_FORMAT = "dwarf-with-dsym";
				ENABLE_NS_ASSERTIONS = NO;
				ENABLE_STRICT_OBJC_MSGSEND = YES;
				GCC_C_LANGUAGE_STANDARD = gnu99;
				GCC_NO_COMMON_BLOCKS = YES;
				GCC_WARN_64_TO_32_BIT_CONVERSION = YES;
				GCC_WARN_ABOUT_RETURN_TYPE = YES_ERROR;
				GCC_WARN_UNDECLARED_SELECTOR = YES;
				GCC_WARN_UNINITIALIZED_AUTOS = YES_AGGRESSIVE;
				GCC_WARN_UNUSED_FUNCTION = YES;
				GCC_WARN_UNUSED_VARIABLE = YES;
				IPHONEOS_DEPLOYMENT_TARGET = 10.3;
				MTL_ENABLE_DEBUG_INFO = NO;
				SDKROOT = iphoneos;
				SWIFT_OPTIMIZATION_LEVEL = "-Owholemodule";
				VALIDATE_PRODUCT = YES;
			};
			name = Release;
		};
		2A1252491EADCAED00C5C318 /* Debug */ = {
			isa = XCBuildConfiguration;
			buildSettings = {
				ASSETCATALOG_COMPILER_APPICON_NAME = AppIcon;
				DEVELOPMENT_TEAM = GR6B8V7TH6;
				INFOPLIST_FILE = SecondKadaiApp/Info.plist;
				LD_RUNPATH_SEARCH_PATHS = "$(inherited) @executable_path/Frameworks";
				PRODUCT_BUNDLE_IDENTIFIER = jp.techacademu.ryou.tamura.SecondKadaiApp;
				PRODUCT_NAME = "$(TARGET_NAME)";
				SWIFT_VERSION = 3.0;
			};
			name = Debug;
		};
		2A12524A1EADCAED00C5C318 /* Release */ = {
			isa = XCBuildConfiguration;
			buildSettings = {
				ASSETCATALOG_COMPILER_APPICON_NAME = AppIcon;
				DEVELOPMENT_TEAM = GR6B8V7TH6;
				INFOPLIST_FILE = SecondKadaiApp/Info.plist;
				LD_RUNPATH_SEARCH_PATHS = "$(inherited) @executable_path/Frameworks";
				PRODUCT_BUNDLE_IDENTIFIER = jp.techacademu.ryou.tamura.SecondKadaiApp;
				PRODUCT_NAME = "$(TARGET_NAME)";
				SWIFT_VERSION = 3.0;
			};
			name = Release;
		};
		2A12524C1EADCAED00C5C318 /* Debug */ = {
			isa = XCBuildConfiguration;
			buildSettings = {
				ALWAYS_EMBED_SWIFT_STANDARD_LIBRARIES = YES;
				BUNDLE_LOADER = "$(TEST_HOST)";
				DEVELOPMENT_TEAM = GR6B8V7TH6;
				INFOPLIST_FILE = SecondKadaiAppTests/Info.plist;
				LD_RUNPATH_SEARCH_PATHS = "$(inherited) @executable_path/Frameworks @loader_path/Frameworks";
				PRODUCT_BUNDLE_IDENTIFIER = jp.techacademu.ryou.tamura.SecondKadaiAppTests;
				PRODUCT_NAME = "$(TARGET_NAME)";
				SWIFT_VERSION = 3.0;
				TEST_HOST = "$(BUILT_PRODUCTS_DIR)/SecondKadaiApp.app/SecondKadaiApp";
			};
			name = Debug;
		};
		2A12524D1EADCAED00C5C318 /* Release */ = {
			isa = XCBuildConfiguration;
			buildSettings = {
				ALWAYS_EMBED_SWIFT_STANDARD_LIBRARIES = YES;
				BUNDLE_LOADER = "$(TEST_HOST)";
				DEVELOPMENT_TEAM = GR6B8V7TH6;
				INFOPLIST_FILE = SecondKadaiAppTests/Info.plist;
				LD_RUNPATH_SEARCH_PATHS = "$(inherited) @executable_path/Frameworks @loader_path/Frameworks";
				PRODUCT_BUNDLE_IDENTIFIER = jp.techacademu.ryou.tamura.SecondKadaiAppTests;
				PRODUCT_NAME = "$(TARGET_NAME)";
				SWIFT_VERSION = 3.0;
				TEST_HOST = "$(BUILT_PRODUCTS_DIR)/SecondKadaiApp.app/SecondKadaiApp";
			};
			name = Release;
		};
		2A12524F1EADCAED00C5C318 /* Debug */ = {
			isa = XCBuildConfiguration;
			buildSettings = {
				ALWAYS_EMBED_SWIFT_STANDARD_LIBRARIES = YES;
				DEVELOPMENT_TEAM = GR6B8V7TH6;
				INFOPLIST_FILE = SecondKadaiAppUITests/Info.plist;
				LD_RUNPATH_SEARCH_PATHS = "$(inherited) @executable_path/Frameworks @loader_path/Frameworks";
				PRODUCT_BUNDLE_IDENTIFIER = jp.techacademu.ryou.tamura.SecondKadaiAppUITests;
				PRODUCT_NAME = "$(TARGET_NAME)";
				SWIFT_VERSION = 3.0;
				TEST_TARGET_NAME = SecondKadaiApp;
			};
			name = Debug;
		};
		2A1252501EADCAED00C5C318 /* Release */ = {
			isa = XCBuildConfiguration;
			buildSettings = {
				ALWAYS_EMBED_SWIFT_STANDARD_LIBRARIES = YES;
				DEVELOPMENT_TEAM = GR6B8V7TH6;
				INFOPLIST_FILE = SecondKadaiAppUITests/Info.plist;
				LD_RUNPATH_SEARCH_PATHS = "$(inherited) @executable_path/Frameworks @loader_path/Frameworks";
				PRODUCT_BUNDLE_IDENTIFIER = jp.techacademu.ryou.tamura.SecondKadaiAppUITests;
				PRODUCT_NAME = "$(TARGET_NAME)";
				SWIFT_VERSION = 3.0;
				TEST_TARGET_NAME = SecondKadaiApp;
			};
			name = Release;
		};
/* End XCBuildConfiguration section */

/* Begin XCConfigurationList section */
		2A12521B1EADCAED00C5C318 /* Build configuration list for PBXProject "SecondKadaiApp" */ = {
			isa = XCConfigurationList;
			buildConfigurations = (
				2A1252461EADCAED00C5C318 /* Debug */,
				2A1252471EADCAED00C5C318 /* Release */,
			);
			defaultConfigurationIsVisible = 0;
			defaultConfigurationName = Release;
		};
		2A1252481EADCAED00C5C318 /* Build configuration list for PBXNativeTarget "SecondKadaiApp" */ = {
			isa = XCConfigurationList;
			buildConfigurations = (
				2A1252491EADCAED00C5C318 /* Debug */,
				2A12524A1EADCAED00C5C318 /* Release */,
			);
			defaultConfigurationIsVisible = 0;
			defaultConfigurationName = Release;
		};
		2A12524B1EADCAED00C5C318 /* Build configuration list for PBXNativeTarget "SecondKadaiAppTests" */ = {
			isa = XCConfigurationList;
			buildConfigurations = (
				2A12524C1EADCAED00C5C318 /* Debug */,
				2A12524D1EADCAED00C5C318 /* Release */,
			);
			defaultConfigurationIsVisible = 0;
			defaultConfigurationName = Release;
		};
		2A12524E1EADCAED00C5C318 /* Build configuration list for PBXNativeTarget "SecondKadaiAppUITests" */ = {
			isa = XCConfigurationList;
			buildConfigurations = (
				2A12524F1EADCAED00C5C318 /* Debug */,
				2A1252501EADCAED00C5C318 /* Release */,
			);
			defaultConfigurationIsVisible = 0;
			defaultConfigurationName = Release;
		};
/* End XCConfigurationList section */
	};
	rootObject = 2A1252181EADCAED00C5C318 /* Project object */;
}
